
Microsoft Visual Studio Solution File, Format Version 12.00
# Visual Studio Version 16
VisualStudioVersion = 16.0.31313.79
MinimumVisualStudioVersion = 10.0.40219.1
Project("{FAE04EC0-301F-11D3-BF4B-00C04F79EFBC}") = "Dio.BackendComNETCore", "Dio.BackendComNETCore.csproj", "{81D7A62A-72D7-4DDE-B2BE-D63B2778ADB3}"
EndProject
Global
	GlobalSection(SolutionConfigurationPlatforms) = preSolution
		Debug|Any CPU = Debug|Any CPU
		Release|Any CPU = Release|Any CPU
	EndGlobalSection
	GlobalSection(ProjectConfigurationPlatforms) = postSolution
		{81D7A62A-72D7-4DDE-B2BE-D63B2778ADB3}.Debug|Any CPU.ActiveCfg = Debug|Any CPU
		{81D7A62A-72D7-4DDE-B2BE-D63B2778ADB3}.Debug|Any CPU.Build.0 = Debug|Any CPU
		{81D7A62A-72D7-4DDE-B2BE-D63B2778ADB3}.Release|Any CPU.ActiveCfg = Release|Any CPU
		{81D7A62A-72D7-4DDE-B2BE-D63B2778ADB3}.Release|Any CPU.Build.0 = Release|Any CPU
	EndGlobalSection
	GlobalSection(SolutionProperties) = preSolution
		HideSolutionNode = FALSE
	EndGlobalSection
	GlobalSection(ExtensibilityGlobals) = postSolution
		SolutionGuid = {2A032D98-BFBA-44B3-BE9F-2173F5B27E21}
	EndGlobalSection
EndGlobal
